{
  "name": "garden-defense",
  "version": "0.1.0",
  "lockfileVersion": 3,
  "requires": true,
  "packages": {
    "": {
      "name": "garden-defense",
      "version": "0.1.0",
      "dependencies": {
        "phaser": "^3.90.0",
        "pinia": "^3.0.0",
        "vue": "^3.5.0"
      },
      "devDependencies": {
        "@playwright/test": "^1.55.0",
        "@vitejs/plugin-vue": "^6.0.0",
        "sharp": "^0.35.4",
        "typescript": "^5.9.0",
        "vite": "^7.0.0",
        "vitest": "^4.1.11",
        "vue-tsc": "^3.0.0"
      },
      "engines": {
        "node": ">=22.12"
      }
    },
    "node_modules/@babel/helper-string-parser": {
      "version": "7.29.7",
      "license": "MIT",
      "engines": {
        "node": ">=6.9.0"
      }
    },
    "node_modules/@babel/helper-validator-identifier": {
      "version": "7.29.7",
      "license": "MIT",
      "engines": {
        "node": ">=6.9.0"
      }
    },
    "node_modules/@babel/parser": {
      "version": "7.29.8",
      "license": "MIT",
      "dependencies": {
        "@babel/types": "^7.29.8"
      },
      "bin": {
        "parser": "bin/babel-parser.js"
      },
      "engines": {
        "node": ">=6.0.0"
      }
    },
    "node_modules/@babel/types": {
      "version": "7.29.8",
      "license": "MIT",
      "dependencies": {
        "@babel/helper-string-parser": "^7.29.7",
        "@babel/helper-validator-identifier": "^7.29.7"
      },
      "engines": {
        "node": ">=6.9.0"
      }
    },
    "node_modules/@esbuild/darwin-arm64": {
      "version": "0.28.2",
      "cpu": [
        "arm64"
      ],
      "dev": true,
      "license": "MIT",
      "optional": true,
      "os": [
        "darwin"
      ],
      "engines": {
        "node": ">=18"
      }
    },
    "node_modules/@img/colour": {
      "version": "1.1.0",
      "dev": true,
      "license": "MIT",
      "engines": {
        "node": ">=18"
      }
    },
    "node_modules/@img/sharp-darwin-arm64": {
      "version": "0.35.4",
      "cpu": [
        "arm64"
      ],
      "dev": true,
      "license": "Apache-2.0",
      "optional": true,
      "os": [
        "darwin"
      ],
      "engines": {
        "node": ">=20.9.0"
      },
      "funding": {
        "url": "https://opencollective.com/libvips"
      },
      "optionalDependencies": {
        "@img/sharp-libvips-darwin-arm64": "1.3.3"
      }
    },
    "node_modules/@img/sharp-libvips-darwin-arm64": {
      "version": "1.3.3",
      "cpu": [
        "arm64"
      ],
      "dev": true,
      "license": "LGPL-3.0-or-later",
      "optional": true,
      "os": [
        "darwin"
      ],
      "funding": {
        "url": "https://opencollective.com/libvips"
      }
    },
    "node_modules/@jridgewell/sourcemap-codec": {
      "version": "1.6.0",
      "license": "MIT"
    },
    "node_modules/@playwright/test": {
      "version": "1.63.0",
      "dev": true,
      "license": "Apache-2.0",
      "dependencies": {
        "playwright": "1.63.0"
      },
      "bin": {
        "playwright": "cli.js"
      },
      "engines": {
        "node": ">=20"
      }
    },
    "node_modules/@rolldown/pluginutils": {
      "version": "1.0.1",
      "dev": true,
      "license": "MIT"
    },
    "node_modules/@rollup/rollup-darwin-arm64": {
      "version": "4.63.2",
      "cpu": [
        "arm64"
      ],
      "dev": true,
      "license": "MIT",
      "optional": true,
      "os": [
        "darwin"
      ]
    },
    "node_modules/@standard-schema/spec": {
      "version": "1.1.0",
      "dev": true,
      "license": "MIT"
    },
    "node_modules/@types/chai": {
      "version": "5.2.3",
      "dev": true,
      "license": "MIT",
      "dependencies": {
        "@types/deep-eql": "*",
        "assertion-error": "^2.0.1"
      }
    },
    "node_modules/@types/deep-eql": {
      "version": "4.0.2",
      "dev": true,
      "license": "MIT"
    },
    "node_modules/@types/estree": {
      "version": "1.0.9",
      "dev": true,
      "license": "MIT"
    },
    "node_modules/@vitejs/plugin-vue": {
      "version": "6.0.8",
      "dev": true,
      "license": "MIT",
      "dependencies": {
        "@rolldown/pluginutils": "^1.0.1"
      },
      "engines": {
        "node": "^20.19.0 || >=22.12.0"
      },
      "peerDependencies": {
        "vite": "^5.0.0 || ^6.0.0 || ^7.0.0 || ^8.0.0",
        "vue": "^3.2.25"
      }
    },
    "node_modules/@vitest/expect": {
      "version": "4.1.11",
      "dev": true,
      "license": "MIT",
      "dependencies": {
        "@standard-schema/spec": "^1.1.0",
        "@types/chai": "^5.2.2",
        "@vitest/spy": "4.1.11",
        "@vitest/utils": "4.1.11",
        "chai": "^6.2.2",
        "tinyrainbow": "^3.1.0"
      },
      "funding": {
        "url": "https://opencollective.com/vitest"
      }
    },
    "node_modules/@vitest/mocker": {
      "version": "4.1.11",
      "dev": true,
      "license": "MIT",
      "dependencies": {
        "@vitest/spy": "4.1.11",
        "estree-walker": "^3.0.3",
        "magic-string": "^0.30.21"
      },
      "funding": {
        "url": "https://opencollective.com/vitest"
      },
      "peerDependencies": {
        "msw": "^2.4.9",
        "vite": "^6.0.0 || ^7.0.0 || ^8.0.0"
      },
      "peerDependenciesMeta": {
        "msw": {
          "optional": true
        },
        "vite": {
          "optional": true
        }
      }
    },
    "node_modules/@vitest/pretty-format": {
      "version": "4.1.11",
      "dev": true,
      "license": "MIT",
      "dependencies": {
        "tinyrainbow": "^3.1.0"
      },
      "funding": {
        "url": "https://opencollective.com/vitest"
      }
    },
    "node_modules/@vitest/runner": {
      "version": "4.1.11",
      "dev": true,
      "license": "MIT",
      "dependencies": {
        "@vitest/utils": "4.1.11",
        "pathe": "^2.0.3"
      },
      "funding": {
        "url": "https://opencollective.com/vitest"
      }
    },
    "node_modules/@vitest/snapshot": {
      "version": "4.1.11",
      "dev": true,
      "license": "MIT",
      "dependencies": {
        "@vitest/pretty-format": "4.1.11",
        "@vitest/utils": "4.1.11",
        "magic-string": "^0.30.21",
        "pathe": "^2.0.3"
      },
      "funding": {
        "url": "https://opencollective.com/vitest"
      }
    },
    "node_modules/@vitest/spy": {
      "version": "4.1.11",
      "dev": true,
      "license": "MIT",
      "funding": {
        "url": "https://opencollective.com/vitest"
      }
    },
    "node_modules/@vitest/utils": {
      "version": "4.1.11",
      "dev": true,
      "license": "MIT",
      "dependencies": {
        "@vitest/pretty-format": "4.1.11",
        "convert-source-map": "^2.0.0",
        "tinyrainbow": "^3.1.0"
      },
      "funding": {
        "url": "https://opencollective.com/vitest"
      }
    },
    "node_modules/@volar/language-core": {
      "version": "2.4.28",
      "dev": true,
      "license": "MIT",
      "dependencies": {
        "@volar/source-map": "2.4.28"
      }
    },
    "node_modules/@volar/source-map": {
      "version": "2.4.28",
      "dev": true,
      "license": "MIT"
    },
    "node_modules/@volar/typescript": {
      "version": "2.4.28",
      "dev": true,
      "license": "MIT",
      "dependencies": {
        "@volar/language-core": "2.4.28",
        "path-browserify": "^1.0.1",
        "vscode-uri": "^3.0.8"
      }
    },
    "node_modules/@vue/compiler-core": {
      "version": "3.5.42",
      "license": "MIT",
      "dependencies": {
        "@babel/parser": "^7.29.8",
        "@vue/shared": "3.5.42",
        "entities": "^7.0.1",
        "estree-walker": "^2.0.2",
        "source-map-js": "^1.2.1"
      }
    },
    "node_modules/@vue/compiler-core/node_modules/estree-walker": {
      "version": "2.0.2",
      "license": "MIT"
    },
    "node_modules/@vue/compiler-dom": {
      "version": "3.5.42",
      "license": "MIT",
      "dependencies": {
        "@vue/compiler-core": "3.5.42",
        "@vue/shared": "3.5.42"
      }
    },
    "node_modules/@vue/compiler-sfc": {
      "version": "3.5.42",
      "license": "MIT",
      "dependencies": {
        "@babel/parser": "^7.29.8",
        "@vue/compiler-core": "3.5.42",
        "@vue/compiler-dom": "3.5.42",
        "@vue/compiler-ssr": "3.5.42",
        "@vue/shared": "3.5.42",
        "estree-walker": "^2.0.2",
        "magic-string": "^0.30.21",
        "postcss": "^8.5.19",
        "source-map-js": "^1.2.1"
      }
    },
    "node_modules/@vue/compiler-sfc/node_modules/estree-walker": {
      "version": "2.0.2",
      "license": "MIT"
    },
    "node_modules/@vue/compiler-ssr": {
      "version": "3.5.42",
      "license": "MIT",
      "dependencies": {
        "@vue/compiler-dom": "3.5.42",
        "@vue/shared": "3.5.42"
      }
    },
    "node_modules/@vue/devtools-api": {
      "version": "7.7.10",
      "license": "MIT",
      "dependencies": {
        "@vue/devtools-kit": "^7.7.10"
      }
    },
    "node_modules/@vue/devtools-kit": {
      "version": "7.7.10",
      "license": "MIT",
      "dependencies": {
        "@vue/devtools-shared": "^7.7.10",
        "birpc": "^2.3.0",
        "hookable": "^5.5.3",
        "mitt": "^3.0.1",
        "perfect-debounce": "^1.0.0",
        "speakingurl": "^14.0.1",
        "superjson": "^2.2.2"
      }
    },
    "node_modules/@vue/devtools-shared": {
      "version": "7.7.10",
      "license": "MIT",
      "dependencies": {
        "rfdc": "^1.4.1"
      }
    },
    "node_modules/@vue/language-core": {
      "version": "3.3.11",
      "dev": true,
      "license": "MIT",
      "dependencies": {
        "@volar/language-core": "2.4.28",
        "@vue/compiler-dom": "^3.5.0",
        "@vue/shared": "^3.5.0",
        "alien-signals": "^3.2.1",
        "muggle-string": "^0.4.1",
        "path-browserify": "^1.0.1",
        "picomatch": "^4.0.4"
      }
    },
    "node_modules/@vue/reactivity": {
      "version": "3.5.42",
      "license": "MIT",
      "dependencies": {
        "@vue/shared": "3.5.42"
      }
    },
    "node_modules/@vue/runtime-core": {
      "version": "3.5.42",
      "license": "MIT",
      "dependencies": {
        "@vue/reactivity": "3.5.42",
        "@vue/shared": "3.5.42"
      }
    },
    "node_modules/@vue/runtime-dom": {
      "version": "3.5.42",
      "license": "MIT",
      "dependencies": {
        "@vue/reactivity": "3.5.42",
        "@vue/runtime-core": "3.5.42",
        "@vue/shared": "3.5.42",
        "csstype": "^3.2.3"
      }
    },
    "node_modules/@vue/server-renderer": {
      "version": "3.5.42",
      "license": "MIT",
      "dependencies": {
        "@vue/compiler-ssr": "3.5.42",
        "@vue/runtime-dom": "3.5.42",
        "@vue/shared": "3.5.42"
      }
    },
    "node_modules/@vue/shared": {
      "version": "3.5.42",
      "license": "MIT"
    },
    "node_modules/alien-signals": {
      "version": "3.2.1",
      "dev": true,
      "license": "MIT"
    },
    "node_modules/assertion-error": {
      "version": "2.0.1",
      "dev": true,
      "license": "MIT",
      "engines": {
        "node": ">=12"
      }
    },
    "node_modules/birpc": {
      "version": "2.9.0",
      "license": "MIT",
      "funding": {
        "url": "https://github.com/sponsors/antfu"
      }
    },
    "node_modules/chai": {
      "version": "6.2.2",
      "dev": true,
      "license": "MIT",
      "engines": {
        "node": ">=18"
      }
    },
    "node_modules/convert-source-map": {
      "version": "2.0.0",
      "dev": true,
      "license": "MIT"
    },
    "node_modules/copy-anything": {
      "version": "4.1.0",
      "license": "MIT",
      "engines": {
        "node": ">=18"
      },
      "funding": {
        "url": "https://github.com/sponsors/mesqueeb"
      }
    },
    "node_modules/csstype": {
      "version": "3.2.3",
      "license": "MIT"
    },
    "node_modules/detect-libc": {
      "version": "2.1.2",
      "dev": true,
      "license": "Apache-2.0",
      "engines": {
        "node": ">=8"
      }
    },
    "node_modules/entities": {
      "version": "7.0.1",
      "license": "BSD-2-Clause",
      "engines": {
        "node": ">=0.12"
      },
      "funding": {
        "url": "https://github.com/fb55/entities?sponsor=1"
      }
    },
    "node_modules/es-module-lexer": {
      "version": "2.3.2",
      "dev": true,
      "license": "MIT"
    },
    "node_modules/esbuild": {
      "version": "0.28.2",
      "dev": true,
      "hasInstallScript": true,
      "license": "MIT",
      "bin": {
        "esbuild": "bin/esbuild"
      },
      "engines": {
        "node": ">=18"
      },
      "optionalDependencies": {
        "@esbuild/aix-ppc64": "0.28.2",
        "@esbuild/android-arm": "0.28.2",
        "@esbuild/android-arm64": "0.28.2",
        "@esbuild/android-x64": "0.28.2",
        "@esbuild/darwin-arm64": "0.28.2",
        "@esbuild/darwin-x64": "0.28.2",
        "@esbuild/freebsd-arm64": "0.28.2",
        "@esbuild/freebsd-x64": "0.28.2",
        "@esbuild/linux-arm": "0.28.2",
        "@esbuild/linux-arm64": "0.28.2",
        "@esbuild/linux-ia32": "0.28.2",
        "@esbuild/linux-loong64": "0.28.2",
        "@esbuild/linux-mips64el": "0.28.2",
        "@esbuild/linux-ppc64": "0.28.2",
        "@esbuild/linux-riscv64": "0.28.2",
        "@esbuild/linux-s390x": "0.28.2",
        "@esbuild/linux-x64": "0.28.2",
        "@esbuild/netbsd-arm64": "0.28.2",
        "@esbuild/netbsd-x64": "0.28.2",
        "@esbuild/openbsd-arm64": "0.28.2",
        "@esbuild/openbsd-x64": "0.28.2",
        "@esbuild/openharmony-arm64": "0.28.2",
        "@esbuild/sunos-x64": "0.28.2",
        "@esbuild/win32-arm64": "0.28.2",
        "@esbuild/win32-ia32": "0.28.2",
        "@esbuild/win32-x64": "0.28.2"
      }
    },
    "node_modules/esbuild/node_modules/@esbuild/aix-ppc64": {
      "dev": true,
      "optional": true
    },
    "node_modules/esbuild/node_modules/@esbuild/android-arm": {
      "dev": true,
      "optional": true
    },
    "node_modules/esbuild/node_modules/@esbuild/android-arm64": {
      "dev": true,
      "optional": true
    },
    "node_modules/esbuild/node_modules/@esbuild/android-x64": {
      "dev": true,
      "optional": true
    },
    "node_modules/esbuild/node_modules/@esbuild/darwin-x64": {
      "dev": true,
      "optional": true
    },
    "node_modules/esbuild/node_modules/@esbuild/freebsd-arm64": {
      "dev": true,
      "optional": true
    },
    "node_modules/esbuild/node_modules/@esbuild/freebsd-x64": {
      "dev": true,
      "optional": true
    },
    "node_modules/esbuild/node_modules/@esbuild/linux-arm": {
      "dev": true,
      "optional": true
    },
    "node_modules/esbuild/node_modules/@esbuild/linux-arm64": {
      "dev": true,
      "optional": true
    },
    "node_modules/esbuild/node_modules/@esbuild/linux-ia32": {
      "dev": true,
      "optional": true
    },
    "node_modules/esbuild/node_modules/@esbuild/linux-loong64": {
      "dev": true,
      "optional": true
    },
    "node_modules/esbuild/node_modules/@esbuild/linux-mips64el": {
      "dev": true,
      "optional": true
    },
    "node_modules/esbuild/node_modules/@esbuild/linux-ppc64": {
      "dev": true,
      "optional": true
    },
    "node_modules/esbuild/node_modules/@esbuild/linux-riscv64": {
      "dev": true,
      "optional": true
    },
    "node_modules/esbuild/node_modules/@esbuild/linux-s390x": {
      "dev": true,
      "optional": true
    },
    "node_modules/esbuild/node_modules/@esbuild/linux-x64": {
      "dev": true,
      "optional": true
    },
    "node_modules/esbuild/node_modules/@esbuild/netbsd-arm64": {
      "dev": true,
      "optional": true
    },
    "node_modules/esbuild/node_modules/@esbuild/netbsd-x64": {
      "dev": true,
      "optional": true
    },
    "node_modules/esbuild/node_modules/@esbuild/openbsd-arm64": {
      "dev": true,
      "optional": true
    },
    "node_modules/esbuild/node_modules/@esbuild/openbsd-x64": {
      "dev": true,
      "optional": true
    },
    "node_modules/esbuild/node_modules/@esbuild/openharmony-arm64": {
      "dev": true,
      "optional": true
    },
    "node_modules/esbuild/node_modules/@esbuild/sunos-x64": {
      "dev": true,
      "optional": true
    },
    "node_modules/esbuild/node_modules/@esbuild/win32-arm64": {
      "dev": true,
      "optional": true
    },
    "node_modules/esbuild/node_modules/@esbuild/win32-ia32": {
      "dev": true,
      "optional": true
    },
    "node_modules/esbuild/node_modules/@esbuild/win32-x64": {
      "dev": true,
      "optional": true
    },
    "node_modules/estree-walker": {
      "version": "3.0.3",
      "dev": true,
      "license": "MIT",
      "dependencies": {
        "@types/estree": "^1.0.0"
      }
    },
    "node_modules/eventemitter3": {
      "version": "5.0.4",
      "license": "MIT"
    },
    "node_modules/expect-type": {
      "version": "1.4.0",
      "dev": true,
      "license": "Apache-2.0",
      "engines": {
        "node": ">=12.0.0"
      }
    },
    "node_modules/fdir": {
      "version": "6.5.0",
      "dev": true,
      "license": "MIT",
      "engines": {
        "node": ">=12.0.0"
      },
      "peerDependencies": {
        "picomatch": "^3 || ^4"
      },
      "peerDependenciesMeta": {
        "picomatch": {
          "optional": true
        }
      }
    },
    "node_modules/fsevents": {
      "version": "2.3.3",
      "dev": true,
      "license": "MIT",
      "optional": true,
      "os": [
        "darwin"
      ],
      "engines": {
        "node": "^8.16.0 || ^10.6.0 || >=11.0.0"
      }
    },
    "node_modules/hookable": {
      "version": "5.5.3",
      "license": "MIT"
    },
    "node_modules/magic-string": {
      "version": "0.30.21",
      "license": "MIT",
      "dependencies": {
        "@jridgewell/sourcemap-codec": "^1.5.5"
      }
    },
    "node_modules/mitt": {
      "version": "3.0.1",
      "license": "MIT"
    },
    "node_modules/muggle-string": {
      "version": "0.4.1",
      "dev": true,
      "license": "MIT"
    },
    "node_modules/nanoid": {
      "version": "3.3.19",
      "funding": [
        {
          "type": "github",
          "url": "https://github.com/sponsors/ai"
        }
      ],
      "license": "MIT",
      "bin": {
        "nanoid": "bin/nanoid.cjs"
      },
      "engines": {
        "node": "^10 || ^12 || ^13.7 || ^14 || >=15.0.1"
      }
    },
    "node_modules/obug": {
      "version": "2.2.1",
      "dev": true,
      "funding": [
        "https://github.com/sponsors/sxzz",
        "https://opencollective.com/debug"
      ],
      "license": "MIT",
      "engines": {
        "node": ">=12.20.0"
      }
    },
    "node_modules/path-browserify": {
      "version": "1.0.1",
      "dev": true,
      "license": "MIT"
    },
    "node_modules/pathe": {
      "version": "2.0.3",
      "dev": true,
      "license": "MIT"
    },
    "node_modules/perfect-debounce": {
      "version": "1.0.0",
      "license": "MIT"
    },
    "node_modules/phaser": {
      "version": "3.90.0",
      "license": "MIT",
      "dependencies": {
        "eventemitter3": "^5.0.1"
      }
    },
    "node_modules/picocolors": {
      "version": "1.1.1",
      "license": "ISC"
    },
    "node_modules/picomatch": {
      "version": "4.0.7",
      "dev": true,
      "license": "MIT",
      "engines": {
        "node": ">=12"
      },
      "funding": {
        "url": "https://github.com/sponsors/jonschlinkert"
      }
    },
    "node_modules/pinia": {
      "version": "3.0.4",
      "license": "MIT",
      "dependencies": {
        "@vue/devtools-api": "^7.7.7"
      },
      "funding": {
        "url": "https://github.com/sponsors/posva"
      },
      "peerDependencies": {
        "typescript": ">=4.5.0",
        "vue": "^3.5.11"
      },
      "peerDependenciesMeta": {
        "typescript": {
          "optional": true
        }
      }
    },
    "node_modules/playwright": {
      "version": "1.63.0",
      "dev": true,
      "license": "Apache-2.0",
      "dependencies": {
        "playwright-core": "1.63.0"
      },
      "bin": {
        "playwright": "cli.js"
      },
      "engines": {
        "node": ">=20"
      }
    },
    "node_modules/playwright-core": {
      "version": "1.63.0",
      "dev": true,
      "license": "Apache-2.0",
      "bin": {
        "playwright-core": "cli.js"
      },
      "engines": {
        "node": ">=20"
      }
    },
    "node_modules/postcss": {
      "version": "8.5.28",
      "funding": [
        {
          "type": "opencollective",
          "url": "https://opencollective.com/postcss/"
        },
        {
          "type": "tidelift",
          "url": "https://tidelift.com/funding/github/npm/postcss"
        },
        {
          "type": "github",
          "url": "https://github.com/sponsors/ai"
        }
      ],
      "license": "MIT",
      "dependencies": {
        "nanoid": "^3.3.18",
        "picocolors": "^1.1.1",
        "source-map-js": "^1.2.1"
      },
      "engines": {
        "node": "^10 || ^12 || >=14"
      }
    },
    "node_modules/rfdc": {
      "version": "1.4.1",
      "license": "MIT"
    },
    "node_modules/rollup": {
      "version": "4.63.2",
      "dev": true,
      "license": "MIT",
      "dependencies": {
        "@types/estree": "1.0.9"
      },
      "bin": {
        "rollup": "dist/bin/rollup"
      },
      "engines": {
        "node": ">=18.0.0",
        "npm": ">=8.0.0"
      },
      "optionalDependencies": {
        "@napi-rs/lzma-linux-x64-gnu": "1.5.1",
        "@rollup/rollup-android-arm-eabi": "4.63.2",
        "@rollup/rollup-android-arm64": "4.63.2",
        "@rollup/rollup-darwin-arm64": "4.63.2",
        "@rollup/rollup-darwin-x64": "4.63.2",
        "@rollup/rollup-freebsd-arm64": "4.63.2",
        "@rollup/rollup-freebsd-x64": "4.63.2",
        "@rollup/rollup-linux-arm-gnueabihf": "4.63.2",
        "@rollup/rollup-linux-arm-musleabihf": "4.63.2",
        "@rollup/rollup-linux-arm64-gnu": "4.63.2",
        "@rollup/rollup-linux-arm64-musl": "4.63.2",
        "@rollup/rollup-linux-loong64-gnu": "4.63.2",
        "@rollup/rollup-linux-loong64-musl": "4.63.2",
        "@rollup/rollup-linux-ppc64-gnu": "4.63.2",
        "@rollup/rollup-linux-ppc64-musl": "4.63.2",
        "@rollup/rollup-linux-riscv64-gnu": "4.63.2",
        "@rollup/rollup-linux-riscv64-musl": "4.63.2",
        "@rollup/rollup-linux-s390x-gnu": "4.63.2",
        "@rollup/rollup-linux-x64-gnu": "4.63.2",
        "@rollup/rollup-linux-x64-musl": "4.63.2",
        "@rollup/rollup-openbsd-x64": "4.63.2",
        "@rollup/rollup-openharmony-arm64": "4.63.2",
        "@rollup/rollup-win32-arm64-msvc": "4.63.2",
        "@rollup/rollup-win32-ia32-msvc": "4.63.2",
        "@rollup/rollup-win32-x64-gnu": "4.63.2",
        "@rollup/rollup-win32-x64-msvc": "4.63.2",
        "fsevents": "~2.3.2"
      }
    },
    "node_modules/rollup/node_modules/@napi-rs/lzma-linux-x64-gnu": {
      "dev": true,
      "optional": true
    },
    "node_modules/rollup/node_modules/@rollup/rollup-android-arm-eabi": {
      "dev": true,
      "optional": true
    },
    "node_modules/rollup/node_modules/@rollup/rollup-android-arm64": {
      "dev": true,
      "optional": true
    },
    "node_modules/rollup/node_modules/@rollup/rollup-darwin-x64": {
      "dev": true,
      "optional": true
    },
    "node_modules/rollup/node_modules/@rollup/rollup-freebsd-arm64": {
      "dev": true,
      "optional": true
    },
    "node_modules/rollup/node_modules/@rollup/rollup-freebsd-x64": {
      "dev": true,
      "optional": true
    },
    "node_modules/rollup/node_modules/@rollup/rollup-linux-arm-gnueabihf": {
      "dev": true,
      "optional": true
    },
    "node_modules/rollup/node_modules/@rollup/rollup-linux-arm-musleabihf": {
      "dev": true,
      "optional": true
    },
    "node_modules/rollup/node_modules/@rollup/rollup-linux-arm64-gnu": {
      "dev": true,
      "optional": true
    },
    "node_modules/rollup/node_modules/@rollup/rollup-linux-arm64-musl": {
      "dev": true,
      "optional": true
    },
    "node_modules/rollup/node_modules/@rollup/rollup-linux-loong64-gnu": {
      "dev": true,
      "optional": true
    },
    "node_modules/rollup/node_modules/@rollup/rollup-linux-loong64-musl": {
      "dev": true,
      "optional": true
    },
    "node_modules/rollup/node_modules/@rollup/rollup-linux-ppc64-gnu": {
      "dev": true,
      "optional": true
    },
    "node_modules/rollup/node_modules/@rollup/rollup-linux-ppc64-musl": {
      "dev": true,
      "optional": true
    },
    "node_modules/rollup/node_modules/@rollup/rollup-linux-riscv64-gnu": {
      "dev": true,
      "optional": true
    },
    "node_modules/rollup/node_modules/@rollup/rollup-linux-riscv64-musl": {
      "dev": true,
      "optional": true
    },
    "node_modules/rollup/node_modules/@rollup/rollup-linux-s390x-gnu": {
      "dev": true,
      "optional": true
    },
    "node_modules/rollup/node_modules/@rollup/rollup-linux-x64-gnu": {
      "dev": true,
      "optional": true
    },
    "node_modules/rollup/node_modules/@rollup/rollup-linux-x64-musl": {
      "dev": true,
      "optional": true
    },
    "node_modules/rollup/node_modules/@rollup/rollup-openbsd-x64": {
      "dev": true,
      "optional": true
    },
    "node_modules/rollup/node_modules/@rollup/rollup-openharmony-arm64": {
      "dev": true,
      "optional": true
    },
    "node_modules/rollup/node_modules/@rollup/rollup-win32-arm64-msvc": {
      "dev": true,
      "optional": true
    },
    "node_modules/rollup/node_modules/@rollup/rollup-win32-ia32-msvc": {
      "dev": true,
      "optional": true
    },
    "node_modules/rollup/node_modules/@rollup/rollup-win32-x64-gnu": {
      "dev": true,
      "optional": true
    },
    "node_modules/rollup/node_modules/@rollup/rollup-win32-x64-msvc": {
      "dev": true,
      "optional": true
    },
    "node_modules/semver": {
      "version": "7.8.5",
      "dev": true,
      "license": "ISC",
      "bin": {
        "semver": "bin/semver.js"
      },
      "engines": {
        "node": ">=10"
      }
    },
    "node_modules/sharp": {
      "version": "0.35.4",
      "dev": true,
      "license": "Apache-2.0",
      "dependencies": {
        "@img/colour": "^1.1.0",
        "detect-libc": "^2.1.2",
        "semver": "^7.8.5"
      },
      "engines": {
        "node": ">=20.9.0"
      },
      "funding": {
        "url": "https://opencollective.com/libvips"
      },
      "optionalDependencies": {
        "@img/sharp-darwin-arm64": "0.35.4",
        "@img/sharp-darwin-x64": "0.35.4",
        "@img/sharp-freebsd-wasm32": "0.35.4",
        "@img/sharp-libvips-darwin-arm64": "1.3.3",
        "@img/sharp-libvips-darwin-x64": "1.3.3",
        "@img/sharp-libvips-linux-arm": "1.3.3",
        "@img/sharp-libvips-linux-arm64": "1.3.3",
        "@img/sharp-libvips-linux-ppc64": "1.3.3",
        "@img/sharp-libvips-linux-riscv64": "1.3.3",
        "@img/sharp-libvips-linux-s390x": "1.3.3",
        "@img/sharp-libvips-linux-x64": "1.3.3",
        "@img/sharp-libvips-linuxmusl-arm64": "1.3.3",
        "@img/sharp-libvips-linuxmusl-x64": "1.3.3",
        "@img/sharp-linux-arm": "0.35.4",
        "@img/sharp-linux-arm64": "0.35.4",
        "@img/sharp-linux-ppc64": "0.35.4",
        "@img/sharp-linux-riscv64": "0.35.4",
        "@img/sharp-linux-s390x": "0.35.4",
        "@img/sharp-linux-x64": "0.35.4",
        "@img/sharp-linuxmusl-arm64": "0.35.4",
        "@img/sharp-linuxmusl-x64": "0.35.4",
        "@img/sharp-webcontainers-wasm32": "0.35.4",
        "@img/sharp-win32-arm64": "0.35.4",
        "@img/sharp-win32-ia32": "0.35.4",
        "@img/sharp-win32-x64": "0.35.4"
      },
      "peerDependenciesMeta": {
        "@types/node": {
          "optional": true
        }
      }
    },
    "node_modules/sharp/node_modules/@img/sharp-darwin-x64": {
      "dev": true,
      "optional": true
    },
    "node_modules/sharp/node_modules/@img/sharp-freebsd-wasm32": {
      "dev": true,
      "optional": true
    },
    "node_modules/sharp/node_modules/@img/sharp-libvips-darwin-x64": {
      "dev": true,
      "optional": true
    },
    "node_modules/sharp/node_modules/@img/sharp-libvips-linux-arm": {
      "dev": true,
      "optional": true
    },
    "node_modules/sharp/node_modules/@img/sharp-libvips-linux-arm64": {
      "dev": true,
      "optional": true
    },
    "node_modules/sharp/node_modules/@img/sharp-libvips-linux-ppc64": {
      "dev": true,
      "optional": true
    },
    "node_modules/sharp/node_modules/@img/sharp-libvips-linux-riscv64": {
      "dev": true,
      "optional": true
    },
    "node_modules/sharp/node_modules/@img/sharp-libvips-linux-s390x": {
      "dev": true,
      "optional": true
    },
    "node_modules/sharp/node_modules/@img/sharp-libvips-linux-x64": {
      "dev": true,
      "optional": true
    },
    "node_modules/sharp/node_modules/@img/sharp-libvips-linuxmusl-arm64": {
      "dev": true,
      "optional": true
    },
    "node_modules/sharp/node_modules/@img/sharp-libvips-linuxmusl-x64": {
      "dev": true,
      "optional": true
    },
    "node_modules/sharp/node_modules/@img/sharp-linux-arm": {
      "dev": true,
      "optional": true
    },
    "node_modules/sharp/node_modules/@img/sharp-linux-arm64": {
      "dev": true,
      "optional": true
    },
    "node_modules/sharp/node_modules/@img/sharp-linux-ppc64": {
      "dev": true,
      "optional": true
    },
    "node_modules/sharp/node_modules/@img/sharp-linux-riscv64": {
      "dev": true,
      "optional": true
    },
    "node_modules/sharp/node_modules/@img/sharp-linux-s390x": {
      "dev": true,
      "optional": true
    },
    "node_modules/sharp/node_modules/@img/sharp-linux-x64": {
      "dev": true,
      "optional": true
    },
    "node_modules/sharp/node_modules/@img/sharp-linuxmusl-arm64": {
      "dev": true,
      "optional": true
    },
    "node_modules/sharp/node_modules/@img/sharp-linuxmusl-x64": {
      "dev": true,
      "optional": true
    },
    "node_modules/sharp/node_modules/@img/sharp-webcontainers-wasm32": {
      "dev": true,
      "optional": true
    },
    "node_modules/sharp/node_modules/@img/sharp-win32-arm64": {
      "dev": true,
      "optional": true
    },
    "node_modules/sharp/node_modules/@img/sharp-win32-ia32": {
      "dev": true,
      "optional": true
    },
    "node_modules/sharp/node_modules/@img/sharp-win32-x64": {
      "dev": true,
      "optional": true
    },
    "node_modules/siginfo": {
      "version": "2.0.0",
      "dev": true,
      "license": "ISC"
    },
    "node_modules/source-map-js": {
      "version": "1.2.1",
      "license": "BSD-3-Clause",
      "engines": {
        "node": ">=0.10.0"
      }
    },
    "node_modules/speakingurl": {
      "version": "14.0.1",
      "license": "BSD-3-Clause",
      "engines": {
        "node": ">=0.10.0"
      }
    },
    "node_modules/stackback": {
      "version": "0.0.2",
      "dev": true,
      "license": "MIT"
    },
    "node_modules/std-env": {
      "version": "4.2.0",
      "dev": true,
      "license": "MIT"
    },
    "node_modules/superjson": {
      "version": "2.2.6",
      "license": "MIT",
      "dependencies": {
        "copy-anything": "^4"
      },
      "engines": {
        "node": ">=16"
      }
    },
    "node_modules/tinybench": {
      "version": "2.9.0",
      "dev": true,
      "license": "MIT"
    },
    "node_modules/tinyexec": {
      "version": "1.3.1",
      "dev": true,
      "license": "MIT",
      "engines": {
        "node": ">=18"
      }
    },
    "node_modules/tinyglobby": {
      "version": "0.2.17",
      "dev": true,
      "license": "MIT",
      "dependencies": {
        "fdir": "^6.5.0",
        "picomatch": "^4.0.4"
      },
      "engines": {
        "node": ">=12.0.0"
      },
      "funding": {
        "url": "https://github.com/sponsors/SuperchupuDev"
      }
    },
    "node_modules/tinyrainbow": {
      "version": "3.1.1",
      "dev": true,
      "license": "MIT",
      "engines": {
        "node": ">=14.0.0"
      }
    },
    "node_modules/typescript": {
      "version": "5.9.3",
      "devOptional": true,
      "license": "Apache-2.0",
      "bin": {
        "tsc": "bin/tsc",
        "tsserver": "bin/tsserver"
      },
      "engines": {
        "node": ">=14.17"
      }
    },
    "node_modules/vite": {
      "version": "7.3.6",
      "dev": true,
      "license": "MIT",
      "dependencies": {
        "esbuild": "^0.27.0 || ^0.28.0",
        "fdir": "^6.5.0",
        "picomatch": "^4.0.3",
        "postcss": "^8.5.6",
        "rollup": "^4.43.0",
        "tinyglobby": "^0.2.15"
      },
      "bin": {
        "vite": "bin/vite.js"
      },
      "engines": {
        "node": "^20.19.0 || >=22.12.0"
      },
      "funding": {
        "url": "https://github.com/vitejs/vite?sponsor=1"
      },
      "optionalDependencies": {
        "fsevents": "~2.3.3"
      },
      "peerDependencies": {
        "@types/node": "^20.19.0 || >=22.12.0",
        "jiti": ">=1.21.0",
        "less": "^4.0.0",
        "lightningcss": "^1.21.0",
        "sass": "^1.70.0",
        "sass-embedded": "^1.70.0",
        "stylus": ">=0.54.8",
        "sugarss": "^5.0.0",
        "terser": "^5.16.0",
        "tsx": "^4.8.1",
        "yaml": "^2.4.2"
      },
      "peerDependenciesMeta": {
        "@types/node": {
          "optional": true
        },
        "jiti": {
          "optional": true
        },
        "less": {
          "optional": true
        },
        "lightningcss": {
          "optional": true
        },
        "sass": {
          "optional": true
        },
        "sass-embedded": {
          "optional": true
        },
        "stylus": {
          "optional": true
        },
        "sugarss": {
          "optional": true
        },
        "terser": {
          "optional": true
        },
        "tsx": {
          "optional": true
        },
        "yaml": {
          "optional": true
        }
      }
    },
    "node_modules/vitest": {
      "version": "4.1.11",
      "dev": true,
      "license": "MIT",
      "dependencies": {
        "@vitest/expect": "4.1.11",
        "@vitest/mocker": "4.1.11",
        "@vitest/pretty-format": "4.1.11",
        "@vitest/runner": "4.1.11",
        "@vitest/snapshot": "4.1.11",
        "@vitest/spy": "4.1.11",
        "@vitest/utils": "4.1.11",
        "es-module-lexer": "^2.0.0",
        "expect-type": "^1.3.0",
        "magic-string": "^0.30.21",
        "obug": "^2.1.1",
        "pathe": "^2.0.3",
        "picomatch": "^4.0.3",
        "std-env": "^4.0.0-rc.1",
        "tinybench": "^2.9.0",
        "tinyexec": "^1.0.2",
        "tinyglobby": "^0.2.15",
        "tinyrainbow": "^3.1.0",
        "vite": "^6.0.0 || ^7.0.0 || ^8.0.0",
        "why-is-node-running": "^2.3.0"
      },
      "bin": {
        "vitest": "vitest.mjs"
      },
      "engines": {
        "node": "^20.0.0 || ^22.0.0 || >=24.0.0"
      },
      "funding": {
        "url": "https://opencollective.com/vitest"
      },
      "peerDependencies": {
        "@edge-runtime/vm": "*",
        "@opentelemetry/api": "^1.9.0",
        "@types/node": "^20.0.0 || ^22.0.0 || >=24.0.0",
        "@vitest/browser-playwright": "4.1.11",
        "@vitest/browser-preview": "4.1.11",
        "@vitest/browser-webdriverio": "4.1.11",
        "@vitest/coverage-istanbul": "4.1.11",
        "@vitest/coverage-v8": "4.1.11",
        "@vitest/ui": "4.1.11",
        "happy-dom": "*",
        "jsdom": "*",
        "vite": "^6.0.0 || ^7.0.0 || ^8.0.0"
      },
      "peerDependenciesMeta": {
        "@edge-runtime/vm": {
          "optional": true
        },
        "@opentelemetry/api": {
          "optional": true
        },
        "@types/node": {
          "optional": true
        },
        "@vitest/browser-playwright": {
          "optional": true
        },
        "@vitest/browser-preview": {
          "optional": true
        },
        "@vitest/browser-webdriverio": {
          "optional": true
        },
        "@vitest/coverage-istanbul": {
          "optional": true
        },
        "@vitest/coverage-v8": {
          "optional": true
        },
        "@vitest/ui": {
          "optional": true
        },
        "happy-dom": {
          "optional": true
        },
        "jsdom": {
          "optional": true
        },
        "vite": {
          "optional": false
        }
      }
    },
    "node_modules/vscode-uri": {
      "version": "3.2.0",
      "dev": true,
      "license": "MIT"
    },
    "node_modules/vue": {
      "version": "3.5.42",
      "license": "MIT",
      "dependencies": {
        "@vue/compiler-dom": "3.5.42",
        "@vue/compiler-sfc": "3.5.42",
        "@vue/runtime-dom": "3.5.42",
        "@vue/server-renderer": "3.5.42",
        "@vue/shared": "3.5.42"
      },
      "peerDependencies": {
        "typescript": "*"
      },
      "peerDependenciesMeta": {
        "typescript": {
          "optional": true
        }
      }
    },
    "node_modules/vue-tsc": {
      "version": "3.3.11",
      "dev": true,
      "license": "MIT",
      "dependencies": {
        "@volar/typescript": "2.4.28",
        "@vue/language-core": "3.3.11"
      },
      "bin": {
        "vue-tsc": "bin/vue-tsc.js"
      },
      "peerDependencies": {
        "typescript": ">=5.0.0"
      }
    },
    "node_modules/why-is-node-running": {
      "version": "2.3.0",
      "dev": true,
      "license": "MIT",
      "dependencies": {
        "siginfo": "^2.0.0",
        "stackback": "0.0.2"
      },
      "bin": {
        "why-is-node-running": "cli.js"
      },
      "engines": {
        "node": ">=8"
      }
    }
  }
}
